
Microsoft Visual Studio Solution File, Format Version 12.00
# Visual Studio 15
VisualStudioVersion = 15.0.26730.15
MinimumVisualStudioVersion = 10.0.40219.1
Project("{FAE04EC0-301F-11D3-BF4B-00C04F79EFBC}") = "DemoApp", "DemoApp\DemoApp.csproj", "{E2B5CC94-B92D-43B1-8B10-F3FDC77925E5}"
EndProject
Global
	GlobalSection(SolutionConfigurationPlatforms) = preSolution
		Debug|Any CPU = Debug|Any CPU
		Release|Any CPU = Release|Any CPU
	EndGlobalSection
	GlobalSection(ProjectConfigurationPlatforms) = postSolution
		{E2B5CC94-B92D-43B1-8B10-F3FDC77925E5}.Debug|Any CPU.ActiveCfg = Debug|Any CPU
		{E2B5CC94-B92D-43B1-8B10-F3FDC77925E5}.Debug|Any CPU.Build.0 = Debug|Any CPU
		{E2B5CC94-B92D-43B1-8B10-F3FDC77925E5}.Release|Any CPU.ActiveCfg = Release|Any CPU
		{E2B5CC94-B92D-43B1-8B10-F3FDC77925E5}.Release|Any CPU.Build.0 = Release|Any CPU
	EndGlobalSection
	GlobalSection(SolutionProperties) = preSolution
		HideSolutionNode = FALSE
	EndGlobalSection
	GlobalSection(ExtensibilityGlobals) = postSolution
		SolutionGuid = {9E41FE69-3BA7-4A5F-AEA6-2F8BFFF2A08D}
	EndGlobalSection
EndGlobal
